{
  "version": 4,
  "terraform_version": "1.0.4",
  "serial": 16,
  "lineage": "47e0ee22-011e-2e43-ca31-04e48c97127e",
  "outputs": {
    "name-of-first-availability-domain": {
      "value": "Zrqn:AP-HYDERABAD-1-AD-1",
      "type": "string"
    }
  },
  "resources": [
    {
      "mode": "data",
      "type": "oci_identity_availability_domains",
      "name": "ads",
      "provider": "provider[\"registry.terraform.io/hashicorp/oci\"]",
      "instances": [
        {
          "schema_version": 0,
          "attributes": {
            "availability_domains": [
              {
                "compartment_id": "ocid1.tenancy.oc1..aaaaaaaaxyeg4tmhgqrtlrl7ztz3npxpow5s6nf7onn3fucgpxwu6vyyaljq",
                "id": "ocid1.availabilitydomain.oc1..aaaaaaaaudalteydacaoxnhwwi3nguelck32h66itn6wztq4akomwt7cxmzq",
                "name": "Zrqn:AP-HYDERABAD-1-AD-1"
              }
            ],
            "compartment_id": "ocid1.tenancy.oc1..aaaaaaaaxyeg4tmhgqrtlrl7ztz3npxpow5s6nf7onn3fucgpxwu6vyyaljq",
            "filter": null,
            "id": "IdentityAvailabilityDomainsDataSource-4058964660"
          },
          "sensitive_attributes": []
        }
      ]
    },
    {
      "mode": "managed",
      "type": "oci_core_instance",
      "name": "bastion-instance",
      "provider": "provider[\"registry.terraform.io/hashicorp/oci\"]",
      "instances": [
        {
          "schema_version": 0,
          "attributes": {
            "agent_config": [
              {
                "are_all_plugins_disabled": false,
                "is_management_disabled": false,
                "is_monitoring_disabled": false,
                "plugins_config": []
              }
            ],
            "availability_config": [
              {
                "is_live_migration_preferred": false,
                "recovery_action": "RESTORE_INSTANCE"
              }
            ],
            "availability_domain": "Zrqn:AP-HYDERABAD-1-AD-1",
            "boot_volume_id": "ocid1.bootvolume.oc1.ap-hyderabad-1.abuhsljr4t3akm3xv47muea737lzic4hlh7tattffp5c5fjzyitaypinprfq",
            "capacity_reservation_id": null,
            "compartment_id": "ocid1.compartment.oc1..aaaaaaaaropz4m2qnoxajusx3tynuo2jqde3srph3faksnafc5q7tco5ujkq",
            "create_vnic_details": [
              {
                "assign_private_dns_record": false,
                "assign_public_ip": "true",
                "defined_tags": {
                  "Oracle-Tags.CreatedBy": "oracleidentitycloudservice/vinodkumar.potta@outlook.com",
                  "Oracle-Tags.CreatedOn": "2021-08-11T04:23:30.904Z"
                },
                "display_name": "bastion-instance",
                "freeform_tags": {},
                "hostname_label": "bastion-instance",
                "nsg_ids": null,
                "private_ip": "172.168.0.3",
                "skip_source_dest_check": false,
                "subnet_id": "ocid1.subnet.oc1.ap-hyderabad-1.aaaaaaaa6jmxn3nqp4a3e4dc4u4bhpemsd3gojptb7qnipwrphcvprpwhxda",
                "vlan_id": ""
              }
            ],
            "dedicated_vm_host_id": null,
            "defined_tags": {
              "Oracle-Tags.CreatedBy": "oracleidentitycloudservice/vinodkumar.potta@outlook.com",
              "Oracle-Tags.CreatedOn": "2021-08-11T04:23:30.547Z"
            },
            "display_name": "bastion-instance",
            "extended_metadata": null,
            "fault_domain": "FAULT-DOMAIN-1",
            "freeform_tags": {},
            "hostname_label": "bastion-instance",
            "id": "ocid1.instance.oc1.ap-hyderabad-1.anuhsljrdlrznpyc2isapp4t6thjl36af5tissu2nbytkditt4nge3p3jvaa",
            "image": "ocid1.image.oc1.ap-hyderabad-1.aaaaaaaa547rmkpmvfcogqrv3oigfoodqmifton3phvl3q5cormdy43wxz4q",
            "instance_options": [
              {
                "are_legacy_imds_endpoints_disabled": false
              }
            ],
            "ipxe_script": null,
            "is_pv_encryption_in_transit_enabled": null,
            "launch_mode": "PARAVIRTUALIZED",
            "launch_options": [
              {
                "boot_volume_type": "PARAVIRTUALIZED",
                "firmware": "UEFI_64",
                "is_consistent_volume_naming_enabled": true,
                "is_pv_encryption_in_transit_enabled": false,
                "network_type": "PARAVIRTUALIZED",
                "remote_data_volume_type": "PARAVIRTUALIZED"
              }
            ],
            "metadata": {
              "ssh_authorized_keys": "ssh-rsa AAAAB3NzaC1yc2EAAAADAQABAAABAQC8FIWLH54+3BdIBRogCycV+aRBxQr+sb5JXojFRTddCBhvUsZm3+nGqY2i0WnlQbmYSdGH4ehNTZgwdwPQ3WpnO8Vhe3I2iytnVa9a53N/r4Z+bDP9gDtdg7AhPximoylBteMQZlRDGClH1F2iWF0KY5honxhnYlCz5Yle+gKKlrdzoxpIphYw8oiNKur5LVlqsSoGOSRF5oa9qIptMFBQmou3hfn7MewM/W7E7BiIg5HDXUV6ZMFdNXSkIQ7aoH/Zcu1CxIZsOGR4+qdPFRQJQp5azhBJTLg7Wz06sismunSD0x3oku10UxIl6w/h1jVbG6uGg2gwjIogl4zS3aod oci-sshkey-1\n"
            },
            "platform_config": [],
            "preemptible_instance_config": [],
            "preserve_boot_volume": false,
            "private_ip": "172.168.0.3",
            "public_ip": "152.70.75.55",
            "region": "ap-hyderabad-1",
            "shape": "VM.Standard.E2.1",
            "shape_config": [
              {
                "baseline_ocpu_utilization": "",
                "gpu_description": "",
                "gpus": 0,
                "local_disk_description": "",
                "local_disks": 0,
                "local_disks_total_size_in_gbs": 0,
                "max_vnic_attachments": 2,
                "memory_in_gbs": 8,
                "networking_bandwidth_in_gbps": 0.699999988079071,
                "ocpus": 1,
                "processor_description": "2.0 GHz AMD EPYC™ 7551 (Naples)"
              }
            ],
            "source_details": [
              {
                "boot_volume_size_in_gbs": "47",
                "kms_key_id": "",
                "source_id": "ocid1.image.oc1.ap-hyderabad-1.aaaaaaaa547rmkpmvfcogqrv3oigfoodqmifton3phvl3q5cormdy43wxz4q",
                "source_type": "image"
              }
            ],
            "state": "RUNNING",
            "subnet_id": "ocid1.subnet.oc1.ap-hyderabad-1.aaaaaaaa6jmxn3nqp4a3e4dc4u4bhpemsd3gojptb7qnipwrphcvprpwhxda",
            "system_tags": {},
            "time_created": "2021-08-11 04:23:31.137 +0000 UTC",
            "time_maintenance_reboot_due": "",
            "timeouts": null
          },
          "sensitive_attributes": [],
          "private": "eyJlMmJmYjczMC1lY2FhLTExZTYtOGY4OC0zNDM2M2JjN2M0YzAiOnsiY3JlYXRlIjoyNzAwMDAwMDAwMDAwLCJkZWxldGUiOjQ1MDAwMDAwMDAwMDAsInVwZGF0ZSI6MjcwMDAwMDAwMDAwMH19",
          "dependencies": [
            "data.oci_identity_availability_domains.ads"
          ]
        }
      ]
    }
  ]
}
