{
  "version": 4,
  "terraform_version": "1.0.4",
  "serial": 15,
  "lineage": "77fa3780-05b3-a3a3-a1bd-1106580f8ef9",
  "outputs": {},
  "resources": [
    {
      "mode": "managed",
      "type": "oci_core_vcn",
      "name": "vcn-2",
      "provider": "provider[\"registry.terraform.io/hashicorp/oci\"]",
      "instances": [
        {
          "schema_version": 0,
          "attributes": {
            "cidr_block": "10.0.0.0/24",
            "cidr_blocks": [
              "10.0.0.0/24"
            ],
            "compartment_id": "ocid1.compartment.oc1..aaaaaaaarpcjfdeqyoml4ksojtp7cm57x5b65knmcewzbiuz5wz24c2hdvkq",
            "default_dhcp_options_id": "ocid1.dhcpoptions.oc1.ap-hyderabad-1.aaaaaaaacuchvsmv555gphwuoa74na2jmqusnsynwrewtfhie7fgtftfwkdq",
            "default_route_table_id": "ocid1.routetable.oc1.ap-hyderabad-1.aaaaaaaarnaypxjlp2uxwunr4zcg6vea56wustedwudbb4bky4tzlsvhwn3q",
            "default_security_list_id": "ocid1.securitylist.oc1.ap-hyderabad-1.aaaaaaaamdw72gp7j4xjhvxagr62636y23bq3jneb5e263xs6p2p4udq6j4q",
            "defined_tags": {
              "Oracle-Tags.CreatedBy": "oracleidentitycloudservice/vinodkumar.potta@outlook.com",
              "Oracle-Tags.CreatedOn": "2021-08-09T05:05:06.012Z"
            },
            "display_name": "vcn-2",
            "dns_label": null,
            "freeform_tags": {},
            "id": "ocid1.vcn.oc1.ap-hyderabad-1.amaaaaaadlrznpya44lcrioqmvlmqtz7svapeednby7fztlvosqqqfq7mura",
            "ipv6cidr_blocks": [],
            "is_ipv6enabled": false,
            "state": "AVAILABLE",
            "time_created": "2021-08-09 05:05:06.016 +0000 UTC",
            "timeouts": null,
            "vcn_domain_name": null
          },
          "sensitive_attributes": [],
          "private": "eyJlMmJmYjczMC1lY2FhLTExZTYtOGY4OC0zNDM2M2JjN2M0YzAiOnsiY3JlYXRlIjoxMjAwMDAwMDAwMDAwLCJkZWxldGUiOjEyMDAwMDAwMDAwMDAsInVwZGF0ZSI6MTIwMDAwMDAwMDAwMH19"
        }
      ]
    }
  ]
}
