{
  "version": 4,
  "terraform_version": "1.0.4",
  "serial": 8,
  "lineage": "a4a46464-75e5-a333-271a-314f79711178",
  "outputs": {},
  "resources": [
    {
      "mode": "managed",
      "type": "oci_core_subnet",
      "name": "subnet-1",
      "provider": "provider[\"registry.terraform.io/hashicorp/oci\"]",
      "instances": [
        {
          "schema_version": 0,
          "attributes": {
            "availability_domain": null,
            "cidr_block": "172.168.0.0/29",
            "compartment_id": "ocid1.compartment.oc1..aaaaaaaaropz4m2qnoxajusx3tynuo2jqde3srph3faksnafc5q7tco5ujkq",
            "defined_tags": {
              "Oracle-Tags.CreatedBy": "oracleidentitycloudservice/vinodkumar.potta@outlook.com",
              "Oracle-Tags.CreatedOn": "2021-08-09T04:49:53.306Z"
            },
            "dhcp_options_id": "ocid1.dhcpoptions.oc1.ap-hyderabad-1.aaaaaaaatdndogxt33ikjtt2hzsbjs6z3zmr3ekrvlhprwz6dryfbkelplta",
            "display_name": "bastion-subnet",
            "dns_label": null,
            "freeform_tags": {},
            "id": "ocid1.subnet.oc1.ap-hyderabad-1.aaaaaaaac64ygypail6fruvq3cib7x4ug3zelmbcop7w7z2g6cq4bd5jl7ka",
            "ipv6cidr_block": null,
            "ipv6virtual_router_ip": null,
            "prohibit_internet_ingress": false,
            "prohibit_public_ip_on_vnic": false,
            "route_table_id": "ocid1.routetable.oc1.ap-hyderabad-1.aaaaaaaawq27esv6po7d2bshc7dp5vze45ms2xhpx6f2ztthdn6wp5nx4kfa",
            "security_list_ids": [
              "ocid1.securitylist.oc1.ap-hyderabad-1.aaaaaaaanol47swuk4cipx4v3nup3h5lanfddt7f4jnw7xrbylqwtpbeygpq"
            ],
            "state": "AVAILABLE",
            "subnet_domain_name": null,
            "time_created": "2021-08-09 04:49:53.349 +0000 UTC",
            "timeouts": null,
            "vcn_id": "ocid1.vcn.oc1.ap-hyderabad-1.amaaaaaadlrznpyaoaat44n6w5g2ioyxdflkhicdm3mxzbixlkmsrhzckdlq",
            "virtual_router_ip": "172.168.0.1",
            "virtual_router_mac": "00:00:17:8A:2B:E5"
          },
          "sensitive_attributes": [],
          "private": "eyJlMmJmYjczMC1lY2FhLTExZTYtOGY4OC0zNDM2M2JjN2M0YzAiOnsiY3JlYXRlIjoxMjAwMDAwMDAwMDAwLCJkZWxldGUiOjEyMDAwMDAwMDAwMDAsInVwZGF0ZSI6MTIwMDAwMDAwMDAwMH19"
        }
      ]
    }
  ]
}
