{
  "version": 4,
  "terraform_version": "1.0.4",
  "serial": 10,
  "lineage": "a4a46464-75e5-a333-271a-314f79711178",
  "outputs": {},
  "resources": [
    {
      "mode": "managed",
      "type": "oci_core_subnet",
      "name": "bastion-subnet",
      "provider": "provider[\"registry.terraform.io/hashicorp/oci\"]",
      "instances": [
        {
          "schema_version": 0,
          "attributes": {
            "availability_domain": null,
            "cidr_block": "172.168.0.0/29",
            "compartment_id": "ocid1.compartment.oc1..aaaaaaaaropz4m2qnoxajusx3tynuo2jqde3srph3faksnafc5q7tco5ujkq",
            "defined_tags": {
              "Oracle-Tags.CreatedBy": "oracleidentitycloudservice/vinodkumar.potta@outlook.com",
              "Oracle-Tags.CreatedOn": "2021-08-09T05:13:20.527Z"
            },
            "dhcp_options_id": "ocid1.dhcpoptions.oc1.ap-hyderabad-1.aaaaaaaarvnbt3tz7pf34ug5cqfi6mgufaaucdc3gnpi6gobez33vxrbxdvq",
            "display_name": "bastion-subnet",
            "dns_label": null,
            "freeform_tags": {},
            "id": "ocid1.subnet.oc1.ap-hyderabad-1.aaaaaaaazptxptmjacsn53kr6wgkzuiebds7im2mclaxbv4borlkgjta3oba",
            "ipv6cidr_block": null,
            "ipv6virtual_router_ip": null,
            "prohibit_internet_ingress": false,
            "prohibit_public_ip_on_vnic": false,
            "route_table_id": "ocid1.routetable.oc1.ap-hyderabad-1.aaaaaaaaqfug55y3tkz2qbalevoaf6jh4ege5gczhgrzdsfpq74qqxmo3o7q",
            "security_list_ids": [
              "ocid1.securitylist.oc1.ap-hyderabad-1.aaaaaaaan7f63vrm4rlfntvf6h5ybwbhjvt7dhnq3cqh4ls3xroclueszgzq"
            ],
            "state": "AVAILABLE",
            "subnet_domain_name": null,
            "time_created": "2021-08-09 05:13:20.561 +0000 UTC",
            "timeouts": null,
            "vcn_id": "ocid1.vcn.oc1.ap-hyderabad-1.amaaaaaadlrznpyadj27qfkkzqq4vjej2vaj64wxsre4ybrfwuefcmwepkua",
            "virtual_router_ip": "172.168.0.1",
            "virtual_router_mac": "00:00:17:7B:D7:22"
          },
          "sensitive_attributes": [],
          "private": "eyJlMmJmYjczMC1lY2FhLTExZTYtOGY4OC0zNDM2M2JjN2M0YzAiOnsiY3JlYXRlIjoxMjAwMDAwMDAwMDAwLCJkZWxldGUiOjEyMDAwMDAwMDAwMDAsInVwZGF0ZSI6MTIwMDAwMDAwMDAwMH19"
        }
      ]
    }
  ]
}
