{
  "version": 4,
  "terraform_version": "1.0.4",
  "serial": 3,
  "lineage": "da6ccf76-baad-da82-8fde-653456622be1",
  "outputs": {},
  "resources": [
    {
      "mode": "managed",
      "type": "oci_core_vcn",
      "name": "vcn-bastion-1",
      "provider": "provider[\"registry.terraform.io/hashicorp/oci\"]",
      "instances": [
        {
          "schema_version": 0,
          "attributes": {
            "cidr_block": "172.168.0.0/29",
            "cidr_blocks": [
              "172.168.0.0/29"
            ],
            "compartment_id": "ocid1.compartment.oc1..aaaaaaaaropz4m2qnoxajusx3tynuo2jqde3srph3faksnafc5q7tco5ujkq",
            "default_dhcp_options_id": "ocid1.dhcpoptions.oc1.ap-hyderabad-1.aaaaaaaag6kahaqnloxvihxr6my6rcofk4oe7rbnek734rjinjlbpqahfhvq",
            "default_route_table_id": "ocid1.routetable.oc1.ap-hyderabad-1.aaaaaaaawcmf4qgea6somjp7suliiv22v5p2uujijrdr4nlpyqwrr63i3weq",
            "default_security_list_id": "ocid1.securitylist.oc1.ap-hyderabad-1.aaaaaaaarvvyyrhqwsftojgzf7wy4632va4lpukkk7b7a2sktnag5ydwimxa",
            "defined_tags": {
              "Oracle-Tags.CreatedBy": "oracleidentitycloudservice/vinodkumar.potta@outlook.com",
              "Oracle-Tags.CreatedOn": "2021-08-10T11:29:17.503Z"
            },
            "display_name": "vcn-bastion-1",
            "dns_label": null,
            "freeform_tags": {},
            "id": "ocid1.vcn.oc1.ap-hyderabad-1.amaaaaaadlrznpya7rjhrtxgf2chyprxugcfpcqqeowkfap5ry3embww327a",
            "ipv6cidr_blocks": [],
            "is_ipv6enabled": false,
            "state": "AVAILABLE",
            "time_created": "2021-08-10 11:29:17.507 +0000 UTC",
            "timeouts": null,
            "vcn_domain_name": null
          },
          "sensitive_attributes": [],
          "private": "eyJlMmJmYjczMC1lY2FhLTExZTYtOGY4OC0zNDM2M2JjN2M0YzAiOnsiY3JlYXRlIjoxMjAwMDAwMDAwMDAwLCJkZWxldGUiOjEyMDAwMDAwMDAwMDAsInVwZGF0ZSI6MTIwMDAwMDAwMDAwMH19"
        }
      ]
    }
  ]
}
