{
  "version": 4,
  "terraform_version": "1.0.4",
  "serial": 12,
  "lineage": "77fa3780-05b3-a3a3-a1bd-1106580f8ef9",
  "outputs": {},
  "resources": [
    {
      "mode": "managed",
      "type": "oci_core_vcn",
      "name": "vcn-1",
      "provider": "provider[\"registry.terraform.io/hashicorp/oci\"]",
      "instances": [
        {
          "schema_version": 0,
          "attributes": {
            "cidr_block": "172.168.0.0/29",
            "cidr_blocks": [
              "172.168.0.0/29"
            ],
            "compartment_id": "ocid1.compartment.oc1..aaaaaaaaropz4m2qnoxajusx3tynuo2jqde3srph3faksnafc5q7tco5ujkq",
            "default_dhcp_options_id": "ocid1.dhcpoptions.oc1.ap-hyderabad-1.aaaaaaaaeyu5om66ry7iclm3g5pcj26dwi7q6qhh6ak66wiat33mo7lars3q",
            "default_route_table_id": "ocid1.routetable.oc1.ap-hyderabad-1.aaaaaaaamsngwuq5l7fgeb3lahhrtfq2gbymmypls7ttx5nrp72ibhioqdbq",
            "default_security_list_id": "ocid1.securitylist.oc1.ap-hyderabad-1.aaaaaaaakmzqzm7mupqnmxakpxppjedo7x6uyp2m2lvdq2z6jiyzkp6cq2zq",
            "defined_tags": {
              "Oracle-Tags.CreatedBy": "oracleidentitycloudservice/vinodkumar.potta@outlook.com",
              "Oracle-Tags.CreatedOn": "2021-08-09T05:04:00.882Z"
            },
            "display_name": "vcn-1",
            "dns_label": null,
            "freeform_tags": {},
            "id": "ocid1.vcn.oc1.ap-hyderabad-1.amaaaaaadlrznpya5zknlme6gf6owpnafvnb5k2rrprtmo7nvuwnlpmziizq",
            "ipv6cidr_blocks": [],
            "is_ipv6enabled": false,
            "state": "AVAILABLE",
            "time_created": "2021-08-09 05:04:00.886 +0000 UTC",
            "timeouts": null,
            "vcn_domain_name": null
          },
          "sensitive_attributes": [],
          "private": "eyJlMmJmYjczMC1lY2FhLTExZTYtOGY4OC0zNDM2M2JjN2M0YzAiOnsiY3JlYXRlIjoxMjAwMDAwMDAwMDAwLCJkZWxldGUiOjEyMDAwMDAwMDAwMDAsInVwZGF0ZSI6MTIwMDAwMDAwMDAwMH19"
        }
      ]
    }
  ]
}
