{
  "version": 4,
  "terraform_version": "1.0.4",
  "serial": 16,
  "lineage": "77fa3780-05b3-a3a3-a1bd-1106580f8ef9",
  "outputs": {},
  "resources": [
    {
      "mode": "managed",
      "type": "oci_core_vcn",
      "name": "vcn-bastion",
      "provider": "provider[\"registry.terraform.io/hashicorp/oci\"]",
      "instances": [
        {
          "schema_version": 0,
          "attributes": {
            "cidr_block": "172.168.0.0/29",
            "cidr_blocks": [
              "172.168.0.0/29"
            ],
            "compartment_id": "ocid1.compartment.oc1..aaaaaaaamscgapc7s6z3wvt7pcbdytngysryul33wetaapjkqrnekvoagm4q",
            "default_dhcp_options_id": "ocid1.dhcpoptions.oc1.ap-hyderabad-1.aaaaaaaarvnbt3tz7pf34ug5cqfi6mgufaaucdc3gnpi6gobez33vxrbxdvq",
            "default_route_table_id": "ocid1.routetable.oc1.ap-hyderabad-1.aaaaaaaaqfug55y3tkz2qbalevoaf6jh4ege5gczhgrzdsfpq74qqxmo3o7q",
            "default_security_list_id": "ocid1.securitylist.oc1.ap-hyderabad-1.aaaaaaaan7f63vrm4rlfntvf6h5ybwbhjvt7dhnq3cqh4ls3xroclueszgzq",
            "defined_tags": {
              "Oracle-Tags.CreatedBy": "oracleidentitycloudservice/vinodkumar.potta@outlook.com",
              "Oracle-Tags.CreatedOn": "2021-08-09T05:06:40.278Z"
            },
            "display_name": "vcn-bastion",
            "dns_label": null,
            "freeform_tags": {},
            "id": "ocid1.vcn.oc1.ap-hyderabad-1.amaaaaaadlrznpyadj27qfkkzqq4vjej2vaj64wxsre4ybrfwuefcmwepkua",
            "ipv6cidr_blocks": [],
            "is_ipv6enabled": false,
            "state": "AVAILABLE",
            "time_created": "2021-08-09 05:06:40.302 +0000 UTC",
            "timeouts": null,
            "vcn_domain_name": null
          },
          "sensitive_attributes": [],
          "private": "eyJlMmJmYjczMC1lY2FhLTExZTYtOGY4OC0zNDM2M2JjN2M0YzAiOnsiY3JlYXRlIjoxMjAwMDAwMDAwMDAwLCJkZWxldGUiOjEyMDAwMDAwMDAwMDAsInVwZGF0ZSI6MTIwMDAwMDAwMDAwMH19"
        }
      ]
    }
  ]
}
